// !$*UTF8*$!
{
	archiveVersion = 1;
	classes = {
	};
	objectVersion = 77;
	objects = {

/* Begin PBXBuildFile section */
		175A3221B0ACF418226A52CA /* DocumentWindowController.swift in Sources */ = {isa = PBXBuildFile; fileRef = AE9C0145498B10F56901055A /* DocumentWindowController.swift */; };
		1BE0EFEB662EE1F5F34BA299 /* PreviewProvider.swift in Sources */ = {isa = PBXBuildFile; fileRef = D00F41A415781BB25F2C309C /* PreviewProvider.swift */; };
		36675CBAE5DD0BF706DA6948 /* FolioUITests.swift in Sources */ = {isa = PBXBuildFile; fileRef = A99FA243DAD65E63720290B8 /* FolioUITests.swift */; };
		3F287A5D0234A6B6AF784D3B /* MarkdownDocument.swift in Sources */ = {isa = PBXBuildFile; fileRef = 6FF68FF64818E4157FC6BB67 /* MarkdownDocument.swift */; };
		5D66D20231FB94CF147E9066 /* FolioCore in Frameworks */ = {isa = PBXBuildFile; productRef = B6A8CA359CE44514A50D825D /* FolioCore */; };
		939022752647B5B8D7872A93 /* Folio.icns in Resources */ = {isa = PBXBuildFile; fileRef = 0A251BB0002F25A6AEA1CC4C /* Folio.icns */; };
		A2B62F5ADC81C6236AF3B7E0 /* FolioCore in Frameworks */ = {isa = PBXBuildFile; productRef = 79805AA085F286FEB0BB3DA4 /* FolioCore */; };
		D6C873FB109CC8D44102FC9A /* FolioPreview.appex in Embed Foundation Extensions */ = {isa = PBXBuildFile; fileRef = 40D2020BC4A6AC7302163686 /* FolioPreview.appex */; settings = {ATTRIBUTES = (RemoveHeadersOnCopy, ); }; };
		FF88AB084B9220FF3783F332 /* App.swift in Sources */ = {isa = PBXBuildFile; fileRef = DBA95700F204107475DF4702 /* App.swift */; };
/* End PBXBuildFile section */

/* Begin PBXContainerItemProxy section */
		63B0B2D4ABAE04C4EF58A330 /* PBXContainerItemProxy */ = {
			isa = PBXContainerItemProxy;
			containerPortal = 383A8F7C70F35B855AA13D98 /* Project object */;
			proxyType = 1;
			remoteGlobalIDString = 0C56AF64BE26DB444D566E60;
			remoteInfo = Folio;
		};
		E32F46D25AF2F6238C355A88 /* PBXContainerItemProxy */ = {
			isa = PBXContainerItemProxy;
			containerPortal = 383A8F7C70F35B855AA13D98 /* Project object */;
			proxyType = 1;
			remoteGlobalIDString = 895906ECB5A7B6BCAEB09FC7;
			remoteInfo = FolioPreview;
		};
/* End PBXContainerItemProxy section */

/* Begin PBXCopyFilesBuildPhase section */
		1EC4B01E99A3DD20DEFE6BEC /* Embed Foundation Extensions */ = {
			isa = PBXCopyFilesBuildPhase;
			buildActionMask = 2147483647;
			dstPath = "";
			dstSubfolderSpec = 13;
			files = (
				D6C873FB109CC8D44102FC9A /* FolioPreview.appex in Embed Foundation Extensions */,
			);
			name = "Embed Foundation Extensions";
			runOnlyForDeploymentPostprocessing = 0;
		};
/* End PBXCopyFilesBuildPhase section */

/* Begin PBXFileReference section */
		0A251BB0002F25A6AEA1CC4C /* Folio.icns */ = {isa = PBXFileReference; lastKnownFileType = image.icns; path = Folio.icns; sourceTree = "<group>"; };
		40D2020BC4A6AC7302163686 /* FolioPreview.appex */ = {isa = PBXFileReference; explicitFileType = "wrapper.app-extension"; includeInIndex = 0; path = FolioPreview.appex; sourceTree = BUILT_PRODUCTS_DIR; };
		5B8BAAD0990BFEBF5AC22207 /* Folio.app */ = {isa = PBXFileReference; explicitFileType = wrapper.application; includeInIndex = 0; path = Folio.app; sourceTree = BUILT_PRODUCTS_DIR; };
		6FF68FF64818E4157FC6BB67 /* MarkdownDocument.swift */ = {isa = PBXFileReference; lastKnownFileType = sourcecode.swift; path = MarkdownDocument.swift; sourceTree = "<group>"; };
		9CEC680A68AB0D3810F2F61D /* FolioUITests.xctest */ = {isa = PBXFileReference; explicitFileType = wrapper.cfbundle; includeInIndex = 0; path = FolioUITests.xctest; sourceTree = BUILT_PRODUCTS_DIR; };
		A99FA243DAD65E63720290B8 /* FolioUITests.swift */ = {isa = PBXFileReference; lastKnownFileType = sourcecode.swift; path = FolioUITests.swift; sourceTree = "<group>"; };
		AE9C0145498B10F56901055A /* DocumentWindowController.swift */ = {isa = PBXFileReference; lastKnownFileType = sourcecode.swift; path = DocumentWindowController.swift; sourceTree = "<group>"; };
		D00F41A415781BB25F2C309C /* PreviewProvider.swift */ = {isa = PBXFileReference; lastKnownFileType = sourcecode.swift; path = PreviewProvider.swift; sourceTree = "<group>"; };
		DBA95700F204107475DF4702 /* App.swift */ = {isa = PBXFileReference; lastKnownFileType = sourcecode.swift; path = App.swift; sourceTree = "<group>"; };
		E7956B4DA22C0FEF86396A8B /* folio */ = {isa = PBXFileReference; lastKnownFileType = folder; name = folio; path = .; sourceTree = SOURCE_ROOT; };
/* End PBXFileReference section */

/* Begin PBXFrameworksBuildPhase section */
		2A40C0B12B3D76F94902E9B2 /* Frameworks */ = {
			isa = PBXFrameworksBuildPhase;
			buildActionMask = 2147483647;
			files = (
				A2B62F5ADC81C6236AF3B7E0 /* FolioCore in Frameworks */,
			);
			runOnlyForDeploymentPostprocessing = 0;
		};
		9DDB037244D0F79104ADBCB6 /* Frameworks */ = {
			isa = PBXFrameworksBuildPhase;
			buildActionMask = 2147483647;
			files = (
				5D66D20231FB94CF147E9066 /* FolioCore in Frameworks */,
			);
			runOnlyForDeploymentPostprocessing = 0;
		};
/* End PBXFrameworksBuildPhase section */

/* Begin PBXGroup section */
		1448CCB5D9CFBEAA32C6A22D /* FolioApp */ = {
			isa = PBXGroup;
			children = (
				DBA95700F204107475DF4702 /* App.swift */,
				AE9C0145498B10F56901055A /* DocumentWindowController.swift */,
				6FF68FF64818E4157FC6BB67 /* MarkdownDocument.swift */,
			);
			name = FolioApp;
			path = Sources/FolioApp;
			sourceTree = "<group>";
		};
		167E3E30A49919FD8D56D74D = {
			isa = PBXGroup;
			children = (
				44D0BB1ACC83A335DDAE95F0 /* App */,
				9D9490D36BB58F379D835C27 /* Extension */,
				1448CCB5D9CFBEAA32C6A22D /* FolioApp */,
				6B8521CC72CDF06426DFDBDE /* Packages */,
				551C78EC09133ECF3EBB0349 /* UITests */,
				62523BE78BDC40FAA03B8BBD /* Products */,
			);
			sourceTree = "<group>";
		};
		44D0BB1ACC83A335DDAE95F0 /* App */ = {
			isa = PBXGroup;
			children = (
				0A251BB0002F25A6AEA1CC4C /* Folio.icns */,
			);
			path = App;
			sourceTree = "<group>";
		};
		551C78EC09133ECF3EBB0349 /* UITests */ = {
			isa = PBXGroup;
			children = (
				A99FA243DAD65E63720290B8 /* FolioUITests.swift */,
			);
			path = UITests;
			sourceTree = "<group>";
		};
		62523BE78BDC40FAA03B8BBD /* Products */ = {
			isa = PBXGroup;
			children = (
				5B8BAAD0990BFEBF5AC22207 /* Folio.app */,
				40D2020BC4A6AC7302163686 /* FolioPreview.appex */,
				9CEC680A68AB0D3810F2F61D /* FolioUITests.xctest */,
			);
			name = Products;
			sourceTree = "<group>";
		};
		6B8521CC72CDF06426DFDBDE /* Packages */ = {
			isa = PBXGroup;
			children = (
				E7956B4DA22C0FEF86396A8B /* folio */,
			);
			name = Packages;
			sourceTree = "<group>";
		};
		9D9490D36BB58F379D835C27 /* Extension */ = {
			isa = PBXGroup;
			children = (
				D00F41A415781BB25F2C309C /* PreviewProvider.swift */,
			);
			path = Extension;
			sourceTree = "<group>";
		};
/* End PBXGroup section */

/* Begin PBXNativeTarget section */
		0C56AF64BE26DB444D566E60 /* Folio */ = {
			isa = PBXNativeTarget;
			buildConfigurationList = 053AAE1D1B4F8AD6CAC8296F /* Build configuration list for PBXNativeTarget "Folio" */;
			buildPhases = (
				3859F542EDB723E250691952 /* Sources */,
				8AF20F2D7ED0809F38E8AD11 /* Resources */,
				9DDB037244D0F79104ADBCB6 /* Frameworks */,
				1EC4B01E99A3DD20DEFE6BEC /* Embed Foundation Extensions */,
			);
			buildRules = (
			);
			dependencies = (
				459B9BE19AD56B1B41FBD942 /* PBXTargetDependency */,
			);
			name = Folio;
			packageProductDependencies = (
				B6A8CA359CE44514A50D825D /* FolioCore */,
			);
			productName = Folio;
			productReference = 5B8BAAD0990BFEBF5AC22207 /* Folio.app */;
			productType = "com.apple.product-type.application";
		};
		895906ECB5A7B6BCAEB09FC7 /* FolioPreview */ = {
			isa = PBXNativeTarget;
			buildConfigurationList = 18332B72A778F6875FC75677 /* Build configuration list for PBXNativeTarget "FolioPreview" */;
			buildPhases = (
				5165BE44D7C34A9BC3F077F4 /* Sources */,
				2A40C0B12B3D76F94902E9B2 /* Frameworks */,
			);
			buildRules = (
			);
			dependencies = (
			);
			name = FolioPreview;
			packageProductDependencies = (
				79805AA085F286FEB0BB3DA4 /* FolioCore */,
			);
			productName = FolioPreview;
			productReference = 40D2020BC4A6AC7302163686 /* FolioPreview.appex */;
			productType = "com.apple.product-type.app-extension";
		};
		E9A949E9A6596932E120989F /* FolioUITests */ = {
			isa = PBXNativeTarget;
			buildConfigurationList = AF2FE57B1F75110DCFD829F1 /* Build configuration list for PBXNativeTarget "FolioUITests" */;
			buildPhases = (
				8715968575E48F5D200C77E5 /* Sources */,
			);
			buildRules = (
			);
			dependencies = (
				5E1984C46551EB79399F9AE4 /* PBXTargetDependency */,
			);
			name = FolioUITests;
			packageProductDependencies = (
			);
			productName = FolioUITests;
			productReference = 9CEC680A68AB0D3810F2F61D /* FolioUITests.xctest */;
			productType = "com.apple.product-type.bundle.ui-testing";
		};
/* End PBXNativeTarget section */

/* Begin PBXProject section */
		383A8F7C70F35B855AA13D98 /* Project object */ = {
			isa = PBXProject;
			attributes = {
				BuildIndependentTargetsInParallel = YES;
				LastUpgradeCheck = 1430;
				TargetAttributes = {
					0C56AF64BE26DB444D566E60 = {
						DevelopmentTeam = "";
						ProvisioningStyle = Manual;
					};
					895906ECB5A7B6BCAEB09FC7 = {
						DevelopmentTeam = "";
						ProvisioningStyle = Manual;
					};
					E9A949E9A6596932E120989F = {
						DevelopmentTeam = "";
						ProvisioningStyle = Manual;
						TestTargetID = 0C56AF64BE26DB444D566E60;
					};
				};
			};
			buildConfigurationList = 337CB635EA8B81A92F1BCDDC /* Build configuration list for PBXProject "Folio" */;
			developmentRegion = en;
			hasScannedForEncodings = 0;
			knownRegions = (
				Base,
				en,
			);
			mainGroup = 167E3E30A49919FD8D56D74D;
			minimizedProjectReferenceProxies = 1;
			packageReferences = (
				5837872784DE3D052700F155 /* XCLocalSwiftPackageReference "." */,
			);
			preferredProjectObjectVersion = 77;
			productRefGroup = 62523BE78BDC40FAA03B8BBD /* Products */;
			projectDirPath = "";
			projectRoot = "";
			targets = (
				0C56AF64BE26DB444D566E60 /* Folio */,
				895906ECB5A7B6BCAEB09FC7 /* FolioPreview */,
				E9A949E9A6596932E120989F /* FolioUITests */,
			);
		};
/* End PBXProject section */

/* Begin PBXResourcesBuildPhase section */
		8AF20F2D7ED0809F38E8AD11 /* Resources */ = {
			isa = PBXResourcesBuildPhase;
			buildActionMask = 2147483647;
			files = (
				939022752647B5B8D7872A93 /* Folio.icns in Resources */,
			);
			runOnlyForDeploymentPostprocessing = 0;
		};
/* End PBXResourcesBuildPhase section */

/* Begin PBXSourcesBuildPhase section */
		3859F542EDB723E250691952 /* Sources */ = {
			isa = PBXSourcesBuildPhase;
			buildActionMask = 2147483647;
			files = (
				FF88AB084B9220FF3783F332 /* App.swift in Sources */,
				175A3221B0ACF418226A52CA /* DocumentWindowController.swift in Sources */,
				3F287A5D0234A6B6AF784D3B /* MarkdownDocument.swift in Sources */,
			);
			runOnlyForDeploymentPostprocessing = 0;
		};
		5165BE44D7C34A9BC3F077F4 /* Sources */ = {
			isa = PBXSourcesBuildPhase;
			buildActionMask = 2147483647;
			files = (
				1BE0EFEB662EE1F5F34BA299 /* PreviewProvider.swift in Sources */,
			);
			runOnlyForDeploymentPostprocessing = 0;
		};
		8715968575E48F5D200C77E5 /* Sources */ = {
			isa = PBXSourcesBuildPhase;
			buildActionMask = 2147483647;
			files = (
				36675CBAE5DD0BF706DA6948 /* FolioUITests.swift in Sources */,
			);
			runOnlyForDeploymentPostprocessing = 0;
		};
/* End PBXSourcesBuildPhase section */

/* Begin PBXTargetDependency section */
		459B9BE19AD56B1B41FBD942 /* PBXTargetDependency */ = {
			isa = PBXTargetDependency;
			target = 895906ECB5A7B6BCAEB09FC7 /* FolioPreview */;
			targetProxy = E32F46D25AF2F6238C355A88 /* PBXContainerItemProxy */;
		};
		5E1984C46551EB79399F9AE4 /* PBXTargetDependency */ = {
			isa = PBXTargetDependency;
			target = 0C56AF64BE26DB444D566E60 /* Folio */;
			targetProxy = 63B0B2D4ABAE04C4EF58A330 /* PBXContainerItemProxy */;
		};
/* End PBXTargetDependency section */

/* Begin XCBuildConfiguration section */
		1497480850E4E24E9946DCEA /* Debug */ = {
			isa = XCBuildConfiguration;
			buildSettings = {
				BUNDLE_LOADER = "$(TEST_HOST)";
				COMBINE_HIDPI_IMAGES = YES;
				GENERATE_INFOPLIST_FILE = YES;
				LD_RUNPATH_SEARCH_PATHS = (
					"$(inherited)",
					"@executable_path/Frameworks",
					"@loader_path/Frameworks",
				);
				PRODUCT_BUNDLE_IDENTIFIER = io.github.nebluda.folio.uitests;
				SDKROOT = macosx;
				TEST_TARGET_NAME = Folio;
			};
			name = Debug;
		};
		1F56EB963860C7169EDF99BD /* Release */ = {
			isa = XCBuildConfiguration;
			buildSettings = {
				ASSETCATALOG_COMPILER_APPICON_NAME = AppIcon;
				COMBINE_HIDPI_IMAGES = YES;
				INFOPLIST_FILE = App/Info.plist;
				LD_RUNPATH_SEARCH_PATHS = (
					"$(inherited)",
					"@executable_path/../Frameworks",
				);
				PRODUCT_BUNDLE_IDENTIFIER = io.github.nebluda.folio;
				PRODUCT_MODULE_NAME = FolioApp;
				SDKROOT = macosx;
			};
			name = Release;
		};
		20AF73D26BF450553D317FF4 /* Release */ = {
			isa = XCBuildConfiguration;
			buildSettings = {
				BUNDLE_LOADER = "$(TEST_HOST)";
				COMBINE_HIDPI_IMAGES = YES;
				GENERATE_INFOPLIST_FILE = YES;
				LD_RUNPATH_SEARCH_PATHS = (
					"$(inherited)",
					"@executable_path/Frameworks",
					"@loader_path/Frameworks",
				);
				PRODUCT_BUNDLE_IDENTIFIER = io.github.nebluda.folio.uitests;
				SDKROOT = macosx;
				TEST_TARGET_NAME = Folio;
			};
			name = Release;
		};
		7A70C288DE832BC46459A1C5 /* Release */ = {
			isa = XCBuildConfiguration;
			buildSettings = {
				CODE_SIGN_ENTITLEMENTS = Extension/FolioPreview.entitlements;
				COMBINE_HIDPI_IMAGES = YES;
				INFOPLIST_FILE = Extension/Info.plist;
				LD_RUNPATH_SEARCH_PATHS = (
					"$(inherited)",
					"@executable_path/../Frameworks",
					"@executable_path/../../../../Frameworks",
				);
				PRODUCT_BUNDLE_IDENTIFIER = io.github.nebluda.folio.preview;
				SDKROOT = macosx;
				SKIP_INSTALL = YES;
			};
			name = Release;
		};
		9296D8BAA01FCC16AC9BBB32 /* Debug */ = {
			isa = XCBuildConfiguration;
			buildSettings = {
				CODE_SIGN_ENTITLEMENTS = Extension/FolioPreview.entitlements;
				COMBINE_HIDPI_IMAGES = YES;
				INFOPLIST_FILE = Extension/Info.plist;
				LD_RUNPATH_SEARCH_PATHS = (
					"$(inherited)",
					"@executable_path/../Frameworks",
					"@executable_path/../../../../Frameworks",
				);
				PRODUCT_BUNDLE_IDENTIFIER = io.github.nebluda.folio.preview;
				SDKROOT = macosx;
				SKIP_INSTALL = YES;
			};
			name = Debug;
		};
		D3B08A16EE8A1254AC557B5A /* Debug */ = {
			isa = XCBuildConfiguration;
			buildSettings = {
				ALWAYS_SEARCH_USER_PATHS = NO;
				CLANG_ANALYZER_NONNULL = YES;
				CLANG_ANALYZER_NUMBER_OBJECT_CONVERSION = YES_AGGRESSIVE;
				CLANG_CXX_LANGUAGE_STANDARD = "gnu++14";
				CLANG_CXX_LIBRARY = "libc++";
				CLANG_ENABLE_MODULES = YES;
				CLANG_ENABLE_OBJC_ARC = YES;
				CLANG_ENABLE_OBJC_WEAK = YES;
				CLANG_WARN_BLOCK_CAPTURE_AUTORELEASING = YES;
				CLANG_WARN_BOOL_CONVERSION = YES;
				CLANG_WARN_COMMA = YES;
				CLANG_WARN_CONSTANT_CONVERSION = YES;
				CLANG_WARN_DEPRECATED_OBJC_IMPLEMENTATIONS = YES;
				CLANG_WARN_DIRECT_OBJC_ISA_USAGE = YES_ERROR;
				CLANG_WARN_DOCUMENTATION_COMMENTS = YES;
				CLANG_WARN_EMPTY_BODY = YES;
				CLANG_WARN_ENUM_CONVERSION = YES;
				CLANG_WARN_INFINITE_RECURSION = YES;
				CLANG_WARN_INT_CONVERSION = YES;
				CLANG_WARN_NON_LITERAL_NULL_CONVERSION = YES;
				CLANG_WARN_OBJC_IMPLICIT_RETAIN_SELF = YES;
				CLANG_WARN_OBJC_LITERAL_CONVERSION = YES;
				CLANG_WARN_OBJC_ROOT_CLASS = YES_ERROR;
				CLANG_WARN_QUOTED_INCLUDE_IN_FRAMEWORK_HEADER = YES;
				CLANG_WARN_RANGE_LOOP_ANALYSIS = YES;
				CLANG_WARN_STRICT_PROTOTYPES = YES;
				CLANG_WARN_SUSPICIOUS_MOVE = YES;
				CLANG_WARN_UNGUARDED_AVAILABILITY = YES_AGGRESSIVE;
				CLANG_WARN_UNREACHABLE_CODE = YES;
				CLANG_WARN__DUPLICATE_METHOD_MATCH = YES;
				CODE_SIGN_IDENTITY = "-";
				CODE_SIGN_STYLE = Manual;
				COPY_PHASE_STRIP = NO;
				DEBUG_INFORMATION_FORMAT = dwarf;
				DEVELOPMENT_TEAM = "";
				ENABLE_HARDENED_RUNTIME = NO;
				ENABLE_STRICT_OBJC_MSGSEND = YES;
				ENABLE_TESTABILITY = YES;
				GCC_C_LANGUAGE_STANDARD = gnu11;
				GCC_DYNAMIC_NO_PIC = NO;
				GCC_NO_COMMON_BLOCKS = YES;
				GCC_OPTIMIZATION_LEVEL = 0;
				GCC_PREPROCESSOR_DEFINITIONS = (
					"$(inherited)",
					"DEBUG=1",
				);
				GCC_WARN_64_TO_32_BIT_CONVERSION = YES;
				GCC_WARN_ABOUT_RETURN_TYPE = YES_ERROR;
				GCC_WARN_UNDECLARED_SELECTOR = YES;
				GCC_WARN_UNINITIALIZED_AUTOS = YES_AGGRESSIVE;
				GCC_WARN_UNUSED_FUNCTION = YES;
				GCC_WARN_UNUSED_VARIABLE = YES;
				MACOSX_DEPLOYMENT_TARGET = 14.0;
				MTL_ENABLE_DEBUG_INFO = INCLUDE_SOURCE;
				MTL_FAST_MATH = YES;
				ONLY_ACTIVE_ARCH = YES;
				PRODUCT_NAME = "$(TARGET_NAME)";
				SDKROOT = macosx;
				SWIFT_ACTIVE_COMPILATION_CONDITIONS = DEBUG;
				SWIFT_OPTIMIZATION_LEVEL = "-Onone";
				SWIFT_VERSION = 5.0;
			};
			name = Debug;
		};
		DA92BB9625393CF84A265C86 /* Debug */ = {
			isa = XCBuildConfiguration;
			buildSettings = {
				ASSETCATALOG_COMPILER_APPICON_NAME = AppIcon;
				COMBINE_HIDPI_IMAGES = YES;
				INFOPLIST_FILE = App/Info.plist;
				LD_RUNPATH_SEARCH_PATHS = (
					"$(inherited)",
					"@executable_path/../Frameworks",
				);
				PRODUCT_BUNDLE_IDENTIFIER = io.github.nebluda.folio;
				PRODUCT_MODULE_NAME = FolioApp;
				SDKROOT = macosx;
			};
			name = Debug;
		};
		E8BDB5BE91E7E273FFFF319A /* Release */ = {
			isa = XCBuildConfiguration;
			buildSettings = {
				ALWAYS_SEARCH_USER_PATHS = NO;
				CLANG_ANALYZER_NONNULL = YES;
				CLANG_ANALYZER_NUMBER_OBJECT_CONVERSION = YES_AGGRESSIVE;
				CLANG_CXX_LANGUAGE_STANDARD = "gnu++14";
				CLANG_CXX_LIBRARY = "libc++";
				CLANG_ENABLE_MODULES = YES;
				CLANG_ENABLE_OBJC_ARC = YES;
				CLANG_ENABLE_OBJC_WEAK = YES;
				CLANG_WARN_BLOCK_CAPTURE_AUTORELEASING = YES;
				CLANG_WARN_BOOL_CONVERSION = YES;
				CLANG_WARN_COMMA = YES;
				CLANG_WARN_CONSTANT_CONVERSION = YES;
				CLANG_WARN_DEPRECATED_OBJC_IMPLEMENTATIONS = YES;
				CLANG_WARN_DIRECT_OBJC_ISA_USAGE = YES_ERROR;
				CLANG_WARN_DOCUMENTATION_COMMENTS = YES;
				CLANG_WARN_EMPTY_BODY = YES;
				CLANG_WARN_ENUM_CONVERSION = YES;
				CLANG_WARN_INFINITE_RECURSION = YES;
				CLANG_WARN_INT_CONVERSION = YES;
				CLANG_WARN_NON_LITERAL_NULL_CONVERSION = YES;
				CLANG_WARN_OBJC_IMPLICIT_RETAIN_SELF = YES;
				CLANG_WARN_OBJC_LITERAL_CONVERSION = YES;
				CLANG_WARN_OBJC_ROOT_CLASS = YES_ERROR;
				CLANG_WARN_QUOTED_INCLUDE_IN_FRAMEWORK_HEADER = YES;
				CLANG_WARN_RANGE_LOOP_ANALYSIS = YES;
				CLANG_WARN_STRICT_PROTOTYPES = YES;
				CLANG_WARN_SUSPICIOUS_MOVE = YES;
				CLANG_WARN_UNGUARDED_AVAILABILITY = YES_AGGRESSIVE;
				CLANG_WARN_UNREACHABLE_CODE = YES;
				CLANG_WARN__DUPLICATE_METHOD_MATCH = YES;
				CODE_SIGN_IDENTITY = "-";
				CODE_SIGN_STYLE = Manual;
				COPY_PHASE_STRIP = NO;
				DEBUG_INFORMATION_FORMAT = "dwarf-with-dsym";
				DEVELOPMENT_TEAM = "";
				ENABLE_HARDENED_RUNTIME = NO;
				ENABLE_NS_ASSERTIONS = NO;
				ENABLE_STRICT_OBJC_MSGSEND = YES;
				GCC_C_LANGUAGE_STANDARD = gnu11;
				GCC_NO_COMMON_BLOCKS = YES;
				GCC_WARN_64_TO_32_BIT_CONVERSION = YES;
				GCC_WARN_ABOUT_RETURN_TYPE = YES_ERROR;
				GCC_WARN_UNDECLARED_SELECTOR = YES;
				GCC_WARN_UNINITIALIZED_AUTOS = YES_AGGRESSIVE;
				GCC_WARN_UNUSED_FUNCTION = YES;
				GCC_WARN_UNUSED_VARIABLE = YES;
				MACOSX_DEPLOYMENT_TARGET = 14.0;
				MTL_ENABLE_DEBUG_INFO = NO;
				MTL_FAST_MATH = YES;
				PRODUCT_NAME = "$(TARGET_NAME)";
				SDKROOT = macosx;
				SWIFT_COMPILATION_MODE = wholemodule;
				SWIFT_OPTIMIZATION_LEVEL = "-O";
				SWIFT_VERSION = 5.0;
			};
			name = Release;
		};
/* End XCBuildConfiguration section */

/* Begin XCConfigurationList section */
		053AAE1D1B4F8AD6CAC8296F /* Build configuration list for PBXNativeTarget "Folio" */ = {
			isa = XCConfigurationList;
			buildConfigurations = (
				DA92BB9625393CF84A265C86 /* Debug */,
				1F56EB963860C7169EDF99BD /* Release */,
			);
			defaultConfigurationIsVisible = 0;
			defaultConfigurationName = Debug;
		};
		18332B72A778F6875FC75677 /* Build configuration list for PBXNativeTarget "FolioPreview" */ = {
			isa = XCConfigurationList;
			buildConfigurations = (
				9296D8BAA01FCC16AC9BBB32 /* Debug */,
				7A70C288DE832BC46459A1C5 /* Release */,
			);
			defaultConfigurationIsVisible = 0;
			defaultConfigurationName = Debug;
		};
		337CB635EA8B81A92F1BCDDC /* Build configuration list for PBXProject "Folio" */ = {
			isa = XCConfigurationList;
			buildConfigurations = (
				D3B08A16EE8A1254AC557B5A /* Debug */,
				E8BDB5BE91E7E273FFFF319A /* Release */,
			);
			defaultConfigurationIsVisible = 0;
			defaultConfigurationName = Debug;
		};
		AF2FE57B1F75110DCFD829F1 /* Build configuration list for PBXNativeTarget "FolioUITests" */ = {
			isa = XCConfigurationList;
			buildConfigurations = (
				1497480850E4E24E9946DCEA /* Debug */,
				20AF73D26BF450553D317FF4 /* Release */,
			);
			defaultConfigurationIsVisible = 0;
			defaultConfigurationName = Debug;
		};
/* End XCConfigurationList section */

/* Begin XCLocalSwiftPackageReference section */
		5837872784DE3D052700F155 /* XCLocalSwiftPackageReference "." */ = {
			isa = XCLocalSwiftPackageReference;
			relativePath = .;
		};
/* End XCLocalSwiftPackageReference section */

/* Begin XCSwiftPackageProductDependency section */
		79805AA085F286FEB0BB3DA4 /* FolioCore */ = {
			isa = XCSwiftPackageProductDependency;
			productName = FolioCore;
		};
		B6A8CA359CE44514A50D825D /* FolioCore */ = {
			isa = XCSwiftPackageProductDependency;
			productName = FolioCore;
		};
/* End XCSwiftPackageProductDependency section */
	};
	rootObject = 383A8F7C70F35B855AA13D98 /* Project object */;
}
